{
    "name": "snyk-iac-delta",
    "version": "1.0.5",
    "lockfileVersion": 2,
    "requires": true,
    "packages": {
        "": {
            "name": "snyk-iac-delta",
            "version": "1.0.5",
            "dependencies": {
                "minimist": "^1.2.6"
            },
            "bin": {
                "snyk-iac-delta": "index.js"
            }
        },
        "node_modules/minimist": {
            "version": "1.2.6",
            "resolved": "https://registry.npmjs.org/minimist/-/minimist-1.2.6.tgz",
            "integrity": "sha512-Jsjnk4bw3YJqYzbdyBiNsPWHPfO++UGG749Cxs6peCu5Xg4nrena6OVxOYxrQTqww0Jmwt+Ref8rggumkTLz9Q=="
        }
    },
    "dependencies": {
        "minimist": {
            "version": "1.2.6",
            "resolved": "https://registry.npmjs.org/minimist/-/minimist-1.2.6.tgz",
            "integrity": "sha512-Jsjnk4bw3YJqYzbdyBiNsPWHPfO++UGG749Cxs6peCu5Xg4nrena6OVxOYxrQTqww0Jmwt+Ref8rggumkTLz9Q=="
        }
    }
}
